
Microsoft Visual Studio Solution File, Format Version 12.00
# Visual Studio Version 16
VisualStudioVersion = 16.0.30320.27
MinimumVisualStudioVersion = 10.0.40219.1
Project("{FAE04EC0-301F-11D3-BF4B-00C04F79EFBC}") = "QuantityMeasurement", "QuantityMeasurement\QuantityMeasurement.csproj", "{7C4698F5-07B4-452E-BA9F-EB14A313D84E}"
EndProject
Project("{FAE04EC0-301F-11D3-BF4B-00C04F79EFBC}") = "QuantityMeasurementTest", "QuantityMeasurementTest\QuantityMeasurementTest.csproj", "{28D23081-81DD-47A0-A252-C4B9A9D0B7C9}"
EndProject
Global
	GlobalSection(SolutionConfigurationPlatforms) = preSolution
		Debug|Any CPU = Debug|Any CPU
		Release|Any CPU = Release|Any CPU
	EndGlobalSection
	GlobalSection(ProjectConfigurationPlatforms) = postSolution
		{7C4698F5-07B4-452E-BA9F-EB14A313D84E}.Debug|Any CPU.ActiveCfg = Debug|Any CPU
		{7C4698F5-07B4-452E-BA9F-EB14A313D84E}.Debug|Any CPU.Build.0 = Debug|Any CPU
		{7C4698F5-07B4-452E-BA9F-EB14A313D84E}.Release|Any CPU.ActiveCfg = Release|Any CPU
		{7C4698F5-07B4-452E-BA9F-EB14A313D84E}.Release|Any CPU.Build.0 = Release|Any CPU
		{28D23081-81DD-47A0-A252-C4B9A9D0B7C9}.Debug|Any CPU.ActiveCfg = Debug|Any CPU
		{28D23081-81DD-47A0-A252-C4B9A9D0B7C9}.Debug|Any CPU.Build.0 = Debug|Any CPU
		{28D23081-81DD-47A0-A252-C4B9A9D0B7C9}.Release|Any CPU.ActiveCfg = Release|Any CPU
		{28D23081-81DD-47A0-A252-C4B9A9D0B7C9}.Release|Any CPU.Build.0 = Release|Any CPU
	EndGlobalSection
	GlobalSection(SolutionProperties) = preSolution
		HideSolutionNode = FALSE
	EndGlobalSection
	GlobalSection(ExtensibilityGlobals) = postSolution
		SolutionGuid = {3CDC9CE8-DD20-4466-85B0-404041589EE3}
	EndGlobalSection
EndGlobal
